
Microsoft Visual Studio Solution File, Format Version 12.00
# Visual Studio Version 17
VisualStudioVersion = 17.7.34031.279
MinimumVisualStudioVersion = 10.0.40219.1
Project("{FAE04EC0-301F-11D3-BF4B-00C04F79EFBC}") = "ProductManagement", "ProductManagement\ProductManagement.csproj", "{EA3D7FE9-B78A-4258-B3DD-4329C62BD884}"
EndProject
Project("{FAE04EC0-301F-11D3-BF4B-00C04F79EFBC}") = "ProductManagement.Entities", "ProductManagement.Entities\ProductManagement.Entities.csproj", "{F06C5673-FE32-44A4-B6CF-42CC7451B64D}"
EndProject
Project("{FAE04EC0-301F-11D3-BF4B-00C04F79EFBC}") = "ProductManagement.Data", "ProductManagement.Data\ProductManagement.Data.csproj", "{84A3AB50-2096-4D5B-B1C0-1446A20E3D6A}"
EndProject
Project("{FAE04EC0-301F-11D3-BF4B-00C04F79EFBC}") = "ProductManagement.Tests", "ProductManagement.Tests\ProductManagement.Tests.csproj", "{64DB2D59-E814-4388-8899-2777C3A516B7}"
EndProject
Global
	GlobalSection(SolutionConfigurationPlatforms) = preSolution
		Debug|Any CPU = Debug|Any CPU
		Release|Any CPU = Release|Any CPU
	EndGlobalSection
	GlobalSection(ProjectConfigurationPlatforms) = postSolution
		{EA3D7FE9-B78A-4258-B3DD-4329C62BD884}.Debug|Any CPU.ActiveCfg = Debug|Any CPU
		{EA3D7FE9-B78A-4258-B3DD-4329C62BD884}.Debug|Any CPU.Build.0 = Debug|Any CPU
		{EA3D7FE9-B78A-4258-B3DD-4329C62BD884}.Release|Any CPU.ActiveCfg = Release|Any CPU
		{EA3D7FE9-B78A-4258-B3DD-4329C62BD884}.Release|Any CPU.Build.0 = Release|Any CPU
		{F06C5673-FE32-44A4-B6CF-42CC7451B64D}.Debug|Any CPU.ActiveCfg = Debug|Any CPU
		{F06C5673-FE32-44A4-B6CF-42CC7451B64D}.Debug|Any CPU.Build.0 = Debug|Any CPU
		{F06C5673-FE32-44A4-B6CF-42CC7451B64D}.Release|Any CPU.ActiveCfg = Release|Any CPU
		{F06C5673-FE32-44A4-B6CF-42CC7451B64D}.Release|Any CPU.Build.0 = Release|Any CPU
		{84A3AB50-2096-4D5B-B1C0-1446A20E3D6A}.Debug|Any CPU.ActiveCfg = Debug|Any CPU
		{84A3AB50-2096-4D5B-B1C0-1446A20E3D6A}.Debug|Any CPU.Build.0 = Debug|Any CPU
		{84A3AB50-2096-4D5B-B1C0-1446A20E3D6A}.Release|Any CPU.ActiveCfg = Release|Any CPU
		{84A3AB50-2096-4D5B-B1C0-1446A20E3D6A}.Release|Any CPU.Build.0 = Release|Any CPU
		{64DB2D59-E814-4388-8899-2777C3A516B7}.Debug|Any CPU.ActiveCfg = Debug|Any CPU
		{64DB2D59-E814-4388-8899-2777C3A516B7}.Debug|Any CPU.Build.0 = Debug|Any CPU
		{64DB2D59-E814-4388-8899-2777C3A516B7}.Release|Any CPU.ActiveCfg = Release|Any CPU
		{64DB2D59-E814-4388-8899-2777C3A516B7}.Release|Any CPU.Build.0 = Release|Any CPU
	EndGlobalSection
	GlobalSection(SolutionProperties) = preSolution
		HideSolutionNode = FALSE
	EndGlobalSection
	GlobalSection(ExtensibilityGlobals) = postSolution
		SolutionGuid = {37C82D38-61C4-445C-BF79-A2B03BFDCA33}
	EndGlobalSection
EndGlobal
